// !$*UTF8*$!
{
	archiveVersion = 1;
	classes = {
	};
	objectVersion = 46;
	objects = {

/* Begin PBXBuildFile section */
		18F1274916CBD0A50053BBE3 /* main.cpp in Sources */ = {isa = PBXBuildFile; fileRef = 18F1274816CBD0A50053BBE3 /* main.cpp */; };
		18F1274B16CBD0A50053BBE3 /* readVideo.1 in CopyFiles */ = {isa = PBXBuildFile; fileRef = 18F1274A16CBD0A50053BBE3 /* readVideo.1 */; };
/* End PBXBuildFile section */

/* Begin PBXCopyFilesBuildPhase section */
		18F1274316CBD0A50053BBE3 /* CopyFiles */ = {
			isa = PBXCopyFilesBuildPhase;
			buildActionMask = 2147483647;
			dstPath = /usr/share/man/man1/;
			dstSubfolderSpec = 0;
			files = (
				18F1274B16CBD0A50053BBE3 /* readVideo.1 in CopyFiles */,
			);
			runOnlyForDeploymentPostprocessing = 1;
		};
/* End PBXCopyFilesBuildPhase section */

/* Begin PBXFileReference section */
		18F1274516CBD0A50053BBE3 /* readVideo */ = {isa = PBXFileReference; explicitFileType = "compiled.mach-o.executable"; includeInIndex = 0; path = readVideo; sourceTree = BUILT_PRODUCTS_DIR; };
		18F1274816CBD0A50053BBE3 /* main.cpp */ = {isa = PBXFileReference; lastKnownFileType = sourcecode.cpp.cpp; path = main.cpp; sourceTree = "<group>"; };
		18F1274A16CBD0A50053BBE3 /* readVideo.1 */ = {isa = PBXFileReference; lastKnownFileType = text.man; path = readVideo.1; sourceTree = "<group>"; };
/* End PBXFileReference section */

/* Begin PBXFrameworksBuildPhase section */
		18F1274216CBD0A50053BBE3 /* Frameworks */ = {
			isa = PBXFrameworksBuildPhase;
			buildActionMask = 2147483647;
			files = (
			);
			runOnlyForDeploymentPostprocessing = 0;
		};
/* End PBXFrameworksBuildPhase section */

/* Begin PBXGroup section */
		18F1273C16CBD0A50053BBE3 = {
			isa = PBXGroup;
			children = (
				18F1274716CBD0A50053BBE3 /* readVideo */,
				18F1274616CBD0A50053BBE3 /* Products */,
			);
			sourceTree = "<group>";
		};
		18F1274616CBD0A50053BBE3 /* Products */ = {
			isa = PBXGroup;
			children = (
				18F1274516CBD0A50053BBE3 /* readVideo */,
			);
			name = Products;
			sourceTree = "<group>";
		};
		18F1274716CBD0A50053BBE3 /* readVideo */ = {
			isa = PBXGroup;
			children = (
				18F1274816CBD0A50053BBE3 /* main.cpp */,
				18F1274A16CBD0A50053BBE3 /* readVideo.1 */,
			);
			path = readVideo;
			sourceTree = "<group>";
		};
/* End PBXGroup section */

/* Begin PBXNativeTarget section */
		18F1274416CBD0A50053BBE3 /* readVideo */ = {
			isa = PBXNativeTarget;
			buildConfigurationList = 18F1274E16CBD0A50053BBE3 /* Build configuration list for PBXNativeTarget "readVideo" */;
			buildPhases = (
				18F1274116CBD0A50053BBE3 /* Sources */,
				18F1274216CBD0A50053BBE3 /* Frameworks */,
				18F1274316CBD0A50053BBE3 /* CopyFiles */,
			);
			buildRules = (
			);
			dependencies = (
			);
			name = readVideo;
			productName = readVideo;
			productReference = 18F1274516CBD0A50053BBE3 /* readVideo */;
			productType = "com.apple.product-type.tool";
		};
/* End PBXNativeTarget section */

/* Begin PBXProject section */
		18F1273D16CBD0A50053BBE3 /* Project object */ = {
			isa = PBXProject;
			attributes = {
				LastUpgradeCheck = 0460;
				ORGANIZATIONNAME = ye;
			};
			buildConfigurationList = 18F1274016CBD0A50053BBE3 /* Build configuration list for PBXProject "readVideo" */;
			compatibilityVersion = "Xcode 3.2";
			developmentRegion = English;
			hasScannedForEncodings = 0;
			knownRegions = (
				en,
			);
			mainGroup = 18F1273C16CBD0A50053BBE3;
			productRefGroup = 18F1274616CBD0A50053BBE3 /* Products */;
			projectDirPath = "";
			projectRoot = "";
			targets = (
				18F1274416CBD0A50053BBE3 /* readVideo */,
			);
		};
/* End PBXProject section */

/* Begin PBXSourcesBuildPhase section */
		18F1274116CBD0A50053BBE3 /* Sources */ = {
			isa = PBXSourcesBuildPhase;
			buildActionMask = 2147483647;
			files = (
				18F1274916CBD0A50053BBE3 /* main.cpp in Sources */,
			);
			runOnlyForDeploymentPostprocessing = 0;
		};
/* End PBXSourcesBuildPhase section */

/* Begin XCBuildConfiguration section */
		18F1274C16CBD0A50053BBE3 /* Debug */ = {
			isa = XCBuildConfiguration;
			buildSettings = {
				ALWAYS_SEARCH_USER_PATHS = NO;
				ARCHS = "$(ARCHS_STANDARD_64_BIT)";
				CLANG_CXX_LANGUAGE_STANDARD = "gnu++0x";
				CLANG_CXX_LIBRARY = "libc++";
				CLANG_ENABLE_OBJC_ARC = YES;
				CLANG_WARN_CONSTANT_CONVERSION = YES;
				CLANG_WARN_EMPTY_BODY = YES;
				CLANG_WARN_ENUM_CONVERSION = YES;
				CLANG_WARN_INT_CONVERSION = YES;
				CLANG_WARN__DUPLICATE_METHOD_MATCH = YES;
				COPY_PHASE_STRIP = NO;
				GCC_C_LANGUAGE_STANDARD = gnu99;
				GCC_DYNAMIC_NO_PIC = NO;
				GCC_ENABLE_OBJC_EXCEPTIONS = YES;
				GCC_OPTIMIZATION_LEVEL = 0;
				GCC_PREPROCESSOR_DEFINITIONS = (
					"DEBUG=1",
					"$(inherited)",
				);
				GCC_SYMBOLS_PRIVATE_EXTERN = NO;
				GCC_WARN_64_TO_32_BIT_CONVERSION = YES;
				GCC_WARN_ABOUT_RETURN_TYPE = YES;
				GCC_WARN_UNINITIALIZED_AUTOS = YES;
				GCC_WARN_UNUSED_VARIABLE = YES;
				MACOSX_DEPLOYMENT_TARGET = 10.8;
				ONLY_ACTIVE_ARCH = YES;
				SDKROOT = macosx;
			};
			name = Debug;
		};
		18F1274D16CBD0A50053BBE3 /* Release */ = {
			isa = XCBuildConfiguration;
			buildSettings = {
				ALWAYS_SEARCH_USER_PATHS = NO;
				ARCHS = "$(ARCHS_STANDARD_64_BIT)";
				CLANG_CXX_LANGUAGE_STANDARD = "gnu++0x";
				CLANG_CXX_LIBRARY = "libc++";
				CLANG_ENABLE_OBJC_ARC = YES;
				CLANG_WARN_CONSTANT_CONVERSION = YES;
				CLANG_WARN_EMPTY_BODY = YES;
				CLANG_WARN_ENUM_CONVERSION = YES;
				CLANG_WARN_INT_CONVERSION = YES;
				CLANG_WARN__DUPLICATE_METHOD_MATCH = YES;
				COPY_PHASE_STRIP = YES;
				DEBUG_INFORMATION_FORMAT = "dwarf-with-dsym";
				GCC_C_LANGUAGE_STANDARD = gnu99;
				GCC_ENABLE_OBJC_EXCEPTIONS = YES;
				GCC_WARN_64_TO_32_BIT_CONVERSION = YES;
				GCC_WARN_ABOUT_RETURN_TYPE = YES;
				GCC_WARN_UNINITIALIZED_AUTOS = YES;
				GCC_WARN_UNUSED_VARIABLE = YES;
				MACOSX_DEPLOYMENT_TARGET = 10.8;
				SDKROOT = macosx;
			};
			name = Release;
		};
		18F1274F16CBD0A50053BBE3 /* Debug */ = {
			isa = XCBuildConfiguration;
			buildSettings = {
				CLANG_CXX_LIBRARY = "libstdc++";
				FRAMEWORK_SEARCH_PATHS = "";
				GCC_INPUT_FILETYPE = sourcecode.cpp.cpp;
				HEADER_SEARCH_PATHS = /usr/local/include;
				LIBRARY_SEARCH_PATHS = /usr/local/lib;
				OTHER_LDFLAGS = (
					"-lopencv_core",
					"-lopencv_highgui",
					"-lopencv_imgproc",
				);
				PRODUCT_NAME = "$(TARGET_NAME)";
			};
			name = Debug;
		};
		18F1275016CBD0A50053BBE3 /* Release */ = {
			isa = XCBuildConfiguration;
			buildSettings = {
				CLANG_CXX_LIBRARY = "libstdc++";
				FRAMEWORK_SEARCH_PATHS = "";
				GCC_INPUT_FILETYPE = sourcecode.cpp.cpp;
				HEADER_SEARCH_PATHS = /usr/local/include;
				LIBRARY_SEARCH_PATHS = /usr/local/lib;
				OTHER_LDFLAGS = (
					"-lopencv_core",
					"-lopencv_highgui",
					"-lopencv_imgproc",
				);
				PRODUCT_NAME = "$(TARGET_NAME)";
			};
			name = Release;
		};
/* End XCBuildConfiguration section */

/* Begin XCConfigurationList section */
		18F1274016CBD0A50053BBE3 /* Build configuration list for PBXProject "readVideo" */ = {
			isa = XCConfigurationList;
			buildConfigurations = (
				18F1274C16CBD0A50053BBE3 /* Debug */,
				18F1274D16CBD0A50053BBE3 /* Release */,
			);
			defaultConfigurationIsVisible = 0;
			defaultConfigurationName = Release;
		};
		18F1274E16CBD0A50053BBE3 /* Build configuration list for PBXNativeTarget "readVideo" */ = {
			isa = XCConfigurationList;
			buildConfigurations = (
				18F1274F16CBD0A50053BBE3 /* Debug */,
				18F1275016CBD0A50053BBE3 /* Release */,
			);
			defaultConfigurationIsVisible = 0;
		};
/* End XCConfigurationList section */
	};
	rootObject = 18F1273D16CBD0A50053BBE3 /* Project object */;
}
